// !$*UTF8*$!
{
	archiveVersion = 1;
	classes = {
	};
	objectVersion = 50;
	objects = {

/* Begin PBXBuildFile section */
		3F4FFA97265FEBDE00573206 /* AppDelegate.swift in Sources */ = {isa = PBXBuildFile; fileRef = 3F4FFA96265FEBDE00573206 /* AppDelegate.swift */; };
		3F4FFA99265FEBDE00573206 /* SceneDelegate.swift in Sources */ = {isa = PBXBuildFile; fileRef = 3F4FFA98265FEBDE00573206 /* SceneDelegate.swift */; };
		3F4FFA9B265FEBDE00573206 /* ViewController.swift in Sources */ = {isa = PBXBuildFile; fileRef = 3F4FFA9A265FEBDE00573206 /* ViewController.swift */; };
		3F4FFA9E265FEBDE00573206 /* Main.storyboard in Resources */ = {isa = PBXBuildFile; fileRef = 3F4FFA9C265FEBDE00573206 /* Main.storyboard */; };
		3F4FFAA1265FEBDE00573206 /* CovidInfoApp.xcdatamodeld in Sources */ = {isa = PBXBuildFile; fileRef = 3F4FFA9F265FEBDE00573206 /* CovidInfoApp.xcdatamodeld */; };
		3F4FFAA3265FEBE200573206 /* Assets.xcassets in Resources */ = {isa = PBXBuildFile; fileRef = 3F4FFAA2265FEBE200573206 /* Assets.xcassets */; };
		3F4FFAA6265FEBE200573206 /* LaunchScreen.storyboard in Resources */ = {isa = PBXBuildFile; fileRef = 3F4FFAA4265FEBE200573206 /* LaunchScreen.storyboard */; };
		3F4FFAB1265FEBE200573206 /* CovidInfoAppTests.swift in Sources */ = {isa = PBXBuildFile; fileRef = 3F4FFAB0265FEBE200573206 /* CovidInfoAppTests.swift */; };
		3F4FFABC265FEBE200573206 /* CovidInfoAppUITests.swift in Sources */ = {isa = PBXBuildFile; fileRef = 3F4FFABB265FEBE200573206 /* CovidInfoAppUITests.swift */; };
		3F4FFACA2660023800573206 /* InfectiesViewController.swift in Sources */ = {isa = PBXBuildFile; fileRef = 3F4FFAC92660023800573206 /* InfectiesViewController.swift */; };
		3F4FFACC2660027C00573206 /* DodenViewController.swift in Sources */ = {isa = PBXBuildFile; fileRef = 3F4FFACB2660027C00573206 /* DodenViewController.swift */; };
		3F4FFACE2660029F00573206 /* VaccinsViewController.swift in Sources */ = {isa = PBXBuildFile; fileRef = 3F4FFACD2660029F00573206 /* VaccinsViewController.swift */; };
		3F4FFAD0266002EA00573206 /* WaaromViewController.swift in Sources */ = {isa = PBXBuildFile; fileRef = 3F4FFACF266002EA00573206 /* WaaromViewController.swift */; };
		3F4FFAD9266009C300573206 /* CovidCases+CoreDataClass.swift in Sources */ = {isa = PBXBuildFile; fileRef = 3F4FFAD1266009C300573206 /* CovidCases+CoreDataClass.swift */; };
		3F4FFADA266009C300573206 /* CovidCases+CoreDataProperties.swift in Sources */ = {isa = PBXBuildFile; fileRef = 3F4FFAD2266009C300573206 /* CovidCases+CoreDataProperties.swift */; };
		3F4FFADB266009C300573206 /* CovidVaccinated+CoreDataClass.swift in Sources */ = {isa = PBXBuildFile; fileRef = 3F4FFAD3266009C300573206 /* CovidVaccinated+CoreDataClass.swift */; };
		3F4FFADC266009C300573206 /* CovidVaccinated+CoreDataProperties.swift in Sources */ = {isa = PBXBuildFile; fileRef = 3F4FFAD4266009C300573206 /* CovidVaccinated+CoreDataProperties.swift */; };
		3F4FFADD266009C300573206 /* CovidData+CoreDataClass.swift in Sources */ = {isa = PBXBuildFile; fileRef = 3F4FFAD5266009C300573206 /* CovidData+CoreDataClass.swift */; };
		3F4FFADE266009C300573206 /* CovidData+CoreDataProperties.swift in Sources */ = {isa = PBXBuildFile; fileRef = 3F4FFAD6266009C300573206 /* CovidData+CoreDataProperties.swift */; };
		3F4FFADF266009C300573206 /* CovidDeaths+CoreDataClass.swift in Sources */ = {isa = PBXBuildFile; fileRef = 3F4FFAD7266009C300573206 /* CovidDeaths+CoreDataClass.swift */; };
		3F4FFAE0266009C300573206 /* CovidDeaths+CoreDataProperties.swift in Sources */ = {isa = PBXBuildFile; fileRef = 3F4FFAD8266009C300573206 /* CovidDeaths+CoreDataProperties.swift */; };
/* End PBXBuildFile section */

/* Begin PBXContainerItemProxy section */
		3F4FFAAD265FEBE200573206 /* PBXContainerItemProxy */ = {
			isa = PBXContainerItemProxy;
			containerPortal = 3F4FFA8B265FEBDE00573206 /* Project object */;
			proxyType = 1;
			remoteGlobalIDString = 3F4FFA92265FEBDE00573206;
			remoteInfo = CovidInfoApp;
		};
		3F4FFAB8265FEBE200573206 /* PBXContainerItemProxy */ = {
			isa = PBXContainerItemProxy;
			containerPortal = 3F4FFA8B265FEBDE00573206 /* Project object */;
			proxyType = 1;
			remoteGlobalIDString = 3F4FFA92265FEBDE00573206;
			remoteInfo = CovidInfoApp;
		};
/* End PBXContainerItemProxy section */

/* Begin PBXFileReference section */
		3F4FFA93265FEBDE00573206 /* CovidInfoApp.app */ = {isa = PBXFileReference; explicitFileType = wrapper.application; includeInIndex = 0; path = CovidInfoApp.app; sourceTree = BUILT_PRODUCTS_DIR; };
		3F4FFA96265FEBDE00573206 /* AppDelegate.swift */ = {isa = PBXFileReference; lastKnownFileType = sourcecode.swift; path = AppDelegate.swift; sourceTree = "<group>"; };
		3F4FFA98265FEBDE00573206 /* SceneDelegate.swift */ = {isa = PBXFileReference; lastKnownFileType = sourcecode.swift; path = SceneDelegate.swift; sourceTree = "<group>"; };
		3F4FFA9A265FEBDE00573206 /* ViewController.swift */ = {isa = PBXFileReference; lastKnownFileType = sourcecode.swift; path = ViewController.swift; sourceTree = "<group>"; };
		3F4FFA9D265FEBDE00573206 /* Base */ = {isa = PBXFileReference; lastKnownFileType = file.storyboard; name = Base; path = Base.lproj/Main.storyboard; sourceTree = "<group>"; };
		3F4FFAA0265FEBDE00573206 /* CovidInfoApp.xcdatamodel */ = {isa = PBXFileReference; lastKnownFileType = wrapper.xcdatamodel; path = CovidInfoApp.xcdatamodel; sourceTree = "<group>"; };
		3F4FFAA2265FEBE200573206 /* Assets.xcassets */ = {isa = PBXFileReference; lastKnownFileType = folder.assetcatalog; path = Assets.xcassets; sourceTree = "<group>"; };
		3F4FFAA5265FEBE200573206 /* Base */ = {isa = PBXFileReference; lastKnownFileType = file.storyboard; name = Base; path = Base.lproj/LaunchScreen.storyboard; sourceTree = "<group>"; };
		3F4FFAA7265FEBE200573206 /* Info.plist */ = {isa = PBXFileReference; lastKnownFileType = text.plist.xml; path = Info.plist; sourceTree = "<group>"; };
		3F4FFAAC265FEBE200573206 /* CovidInfoAppTests.xctest */ = {isa = PBXFileReference; explicitFileType = wrapper.cfbundle; includeInIndex = 0; path = CovidInfoAppTests.xctest; sourceTree = BUILT_PRODUCTS_DIR; };
		3F4FFAB0265FEBE200573206 /* CovidInfoAppTests.swift */ = {isa = PBXFileReference; lastKnownFileType = sourcecode.swift; path = CovidInfoAppTests.swift; sourceTree = "<group>"; };
		3F4FFAB2265FEBE200573206 /* Info.plist */ = {isa = PBXFileReference; lastKnownFileType = text.plist.xml; path = Info.plist; sourceTree = "<group>"; };
		3F4FFAB7265FEBE200573206 /* CovidInfoAppUITests.xctest */ = {isa = PBXFileReference; explicitFileType = wrapper.cfbundle; includeInIndex = 0; path = CovidInfoAppUITests.xctest; sourceTree = BUILT_PRODUCTS_DIR; };
		3F4FFABB265FEBE200573206 /* CovidInfoAppUITests.swift */ = {isa = PBXFileReference; lastKnownFileType = sourcecode.swift; path = CovidInfoAppUITests.swift; sourceTree = "<group>"; };
		3F4FFABD265FEBE200573206 /* Info.plist */ = {isa = PBXFileReference; lastKnownFileType = text.plist.xml; path = Info.plist; sourceTree = "<group>"; };
		3F4FFAC92660023800573206 /* InfectiesViewController.swift */ = {isa = PBXFileReference; lastKnownFileType = sourcecode.swift; path = InfectiesViewController.swift; sourceTree = "<group>"; };
		3F4FFACB2660027C00573206 /* DodenViewController.swift */ = {isa = PBXFileReference; lastKnownFileType = sourcecode.swift; path = DodenViewController.swift; sourceTree = "<group>"; };
		3F4FFACD2660029F00573206 /* VaccinsViewController.swift */ = {isa = PBXFileReference; lastKnownFileType = sourcecode.swift; path = VaccinsViewController.swift; sourceTree = "<group>"; };
		3F4FFACF266002EA00573206 /* WaaromViewController.swift */ = {isa = PBXFileReference; lastKnownFileType = sourcecode.swift; path = WaaromViewController.swift; sourceTree = "<group>"; };
		3F4FFAD1266009C300573206 /* CovidCases+CoreDataClass.swift */ = {isa = PBXFileReference; lastKnownFileType = sourcecode.swift; path = "CovidCases+CoreDataClass.swift"; sourceTree = "<group>"; };
		3F4FFAD2266009C300573206 /* CovidCases+CoreDataProperties.swift */ = {isa = PBXFileReference; lastKnownFileType = sourcecode.swift; path = "CovidCases+CoreDataProperties.swift"; sourceTree = "<group>"; };
		3F4FFAD3266009C300573206 /* CovidVaccinated+CoreDataClass.swift */ = {isa = PBXFileReference; lastKnownFileType = sourcecode.swift; path = "CovidVaccinated+CoreDataClass.swift"; sourceTree = "<group>"; };
		3F4FFAD4266009C300573206 /* CovidVaccinated+CoreDataProperties.swift */ = {isa = PBXFileReference; lastKnownFileType = sourcecode.swift; path = "CovidVaccinated+CoreDataProperties.swift"; sourceTree = "<group>"; };
		3F4FFAD5266009C300573206 /* CovidData+CoreDataClass.swift */ = {isa = PBXFileReference; lastKnownFileType = sourcecode.swift; path = "CovidData+CoreDataClass.swift"; sourceTree = "<group>"; };
		3F4FFAD6266009C300573206 /* CovidData+CoreDataProperties.swift */ = {isa = PBXFileReference; lastKnownFileType = sourcecode.swift; path = "CovidData+CoreDataProperties.swift"; sourceTree = "<group>"; };
		3F4FFAD7266009C300573206 /* CovidDeaths+CoreDataClass.swift */ = {isa = PBXFileReference; lastKnownFileType = sourcecode.swift; path = "CovidDeaths+CoreDataClass.swift"; sourceTree = "<group>"; };
		3F4FFAD8266009C300573206 /* CovidDeaths+CoreDataProperties.swift */ = {isa = PBXFileReference; lastKnownFileType = sourcecode.swift; path = "CovidDeaths+CoreDataProperties.swift"; sourceTree = "<group>"; };
/* End PBXFileReference section */

/* Begin PBXFrameworksBuildPhase section */
		3F4FFA90265FEBDE00573206 /* Frameworks */ = {
			isa = PBXFrameworksBuildPhase;
			buildActionMask = 2147483647;
			files = (
			);
			runOnlyForDeploymentPostprocessing = 0;
		};
		3F4FFAA9265FEBE200573206 /* Frameworks */ = {
			isa = PBXFrameworksBuildPhase;
			buildActionMask = 2147483647;
			files = (
			);
			runOnlyForDeploymentPostprocessing = 0;
		};
		3F4FFAB4265FEBE200573206 /* Frameworks */ = {
			isa = PBXFrameworksBuildPhase;
			buildActionMask = 2147483647;
			files = (
			);
			runOnlyForDeploymentPostprocessing = 0;
		};
/* End PBXFrameworksBuildPhase section */

/* Begin PBXGroup section */
		3F4FFA8A265FEBDE00573206 = {
			isa = PBXGroup;
			children = (
				3F4FFAD1266009C300573206 /* CovidCases+CoreDataClass.swift */,
				3F4FFAD2266009C300573206 /* CovidCases+CoreDataProperties.swift */,
				3F4FFAD3266009C300573206 /* CovidVaccinated+CoreDataClass.swift */,
				3F4FFAD4266009C300573206 /* CovidVaccinated+CoreDataProperties.swift */,
				3F4FFAD5266009C300573206 /* CovidData+CoreDataClass.swift */,
				3F4FFAD6266009C300573206 /* CovidData+CoreDataProperties.swift */,
				3F4FFAD7266009C300573206 /* CovidDeaths+CoreDataClass.swift */,
				3F4FFAD8266009C300573206 /* CovidDeaths+CoreDataProperties.swift */,
				3F4FFA95265FEBDE00573206 /* CovidInfoApp */,
				3F4FFAAF265FEBE200573206 /* CovidInfoAppTests */,
				3F4FFABA265FEBE200573206 /* CovidInfoAppUITests */,
				3F4FFA94265FEBDE00573206 /* Products */,
			);
			sourceTree = "<group>";
		};
		3F4FFA94265FEBDE00573206 /* Products */ = {
			isa = PBXGroup;
			children = (
				3F4FFA93265FEBDE00573206 /* CovidInfoApp.app */,
				3F4FFAAC265FEBE200573206 /* CovidInfoAppTests.xctest */,
				3F4FFAB7265FEBE200573206 /* CovidInfoAppUITests.xctest */,
			);
			name = Products;
			sourceTree = "<group>";
		};
		3F4FFA95265FEBDE00573206 /* CovidInfoApp */ = {
			isa = PBXGroup;
			children = (
				3F4FFA96265FEBDE00573206 /* AppDelegate.swift */,
				3F4FFA98265FEBDE00573206 /* SceneDelegate.swift */,
				3F4FFA9A265FEBDE00573206 /* ViewController.swift */,
				3F4FFA9C265FEBDE00573206 /* Main.storyboard */,
				3F4FFAA2265FEBE200573206 /* Assets.xcassets */,
				3F4FFAA4265FEBE200573206 /* LaunchScreen.storyboard */,
				3F4FFAA7265FEBE200573206 /* Info.plist */,
				3F4FFA9F265FEBDE00573206 /* CovidInfoApp.xcdatamodeld */,
				3F4FFAC92660023800573206 /* InfectiesViewController.swift */,
				3F4FFACB2660027C00573206 /* DodenViewController.swift */,
				3F4FFACD2660029F00573206 /* VaccinsViewController.swift */,
				3F4FFACF266002EA00573206 /* WaaromViewController.swift */,
			);
			path = CovidInfoApp;
			sourceTree = "<group>";
		};
		3F4FFAAF265FEBE200573206 /* CovidInfoAppTests */ = {
			isa = PBXGroup;
			children = (
				3F4FFAB0265FEBE200573206 /* CovidInfoAppTests.swift */,
				3F4FFAB2265FEBE200573206 /* Info.plist */,
			);
			path = CovidInfoAppTests;
			sourceTree = "<group>";
		};
		3F4FFABA265FEBE200573206 /* CovidInfoAppUITests */ = {
			isa = PBXGroup;
			children = (
				3F4FFABB265FEBE200573206 /* CovidInfoAppUITests.swift */,
				3F4FFABD265FEBE200573206 /* Info.plist */,
			);
			path = CovidInfoAppUITests;
			sourceTree = "<group>";
		};
/* End PBXGroup section */

/* Begin PBXNativeTarget section */
		3F4FFA92265FEBDE00573206 /* CovidInfoApp */ = {
			isa = PBXNativeTarget;
			buildConfigurationList = 3F4FFAC0265FEBE200573206 /* Build configuration list for PBXNativeTarget "CovidInfoApp" */;
			buildPhases = (
				3F4FFA8F265FEBDE00573206 /* Sources */,
				3F4FFA90265FEBDE00573206 /* Frameworks */,
				3F4FFA91265FEBDE00573206 /* Resources */,
			);
			buildRules = (
			);
			dependencies = (
			);
			name = CovidInfoApp;
			productName = CovidInfoApp;
			productReference = 3F4FFA93265FEBDE00573206 /* CovidInfoApp.app */;
			productType = "com.apple.product-type.application";
		};
		3F4FFAAB265FEBE200573206 /* CovidInfoAppTests */ = {
			isa = PBXNativeTarget;
			buildConfigurationList = 3F4FFAC3265FEBE200573206 /* Build configuration list for PBXNativeTarget "CovidInfoAppTests" */;
			buildPhases = (
				3F4FFAA8265FEBE200573206 /* Sources */,
				3F4FFAA9265FEBE200573206 /* Frameworks */,
				3F4FFAAA265FEBE200573206 /* Resources */,
			);
			buildRules = (
			);
			dependencies = (
				3F4FFAAE265FEBE200573206 /* PBXTargetDependency */,
			);
			name = CovidInfoAppTests;
			productName = CovidInfoAppTests;
			productReference = 3F4FFAAC265FEBE200573206 /* CovidInfoAppTests.xctest */;
			productType = "com.apple.product-type.bundle.unit-test";
		};
		3F4FFAB6265FEBE200573206 /* CovidInfoAppUITests */ = {
			isa = PBXNativeTarget;
			buildConfigurationList = 3F4FFAC6265FEBE200573206 /* Build configuration list for PBXNativeTarget "CovidInfoAppUITests" */;
			buildPhases = (
				3F4FFAB3265FEBE200573206 /* Sources */,
				3F4FFAB4265FEBE200573206 /* Frameworks */,
				3F4FFAB5265FEBE200573206 /* Resources */,
			);
			buildRules = (
			);
			dependencies = (
				3F4FFAB9265FEBE200573206 /* PBXTargetDependency */,
			);
			name = CovidInfoAppUITests;
			productName = CovidInfoAppUITests;
			productReference = 3F4FFAB7265FEBE200573206 /* CovidInfoAppUITests.xctest */;
			productType = "com.apple.product-type.bundle.ui-testing";
		};
/* End PBXNativeTarget section */

/* Begin PBXProject section */
		3F4FFA8B265FEBDE00573206 /* Project object */ = {
			isa = PBXProject;
			attributes = {
				LastSwiftUpdateCheck = 1250;
				LastUpgradeCheck = 1250;
				TargetAttributes = {
					3F4FFA92265FEBDE00573206 = {
						CreatedOnToolsVersion = 12.5;
					};
					3F4FFAAB265FEBE200573206 = {
						CreatedOnToolsVersion = 12.5;
						TestTargetID = 3F4FFA92265FEBDE00573206;
					};
					3F4FFAB6265FEBE200573206 = {
						CreatedOnToolsVersion = 12.5;
						TestTargetID = 3F4FFA92265FEBDE00573206;
					};
				};
			};
			buildConfigurationList = 3F4FFA8E265FEBDE00573206 /* Build configuration list for PBXProject "CovidInfoApp" */;
			compatibilityVersion = "Xcode 9.3";
			developmentRegion = en;
			hasScannedForEncodings = 0;
			knownRegions = (
				en,
				Base,
			);
			mainGroup = 3F4FFA8A265FEBDE00573206;
			productRefGroup = 3F4FFA94265FEBDE00573206 /* Products */;
			projectDirPath = "";
			projectRoot = "";
			targets = (
				3F4FFA92265FEBDE00573206 /* CovidInfoApp */,
				3F4FFAAB265FEBE200573206 /* CovidInfoAppTests */,
				3F4FFAB6265FEBE200573206 /* CovidInfoAppUITests */,
			);
		};
/* End PBXProject section */

/* Begin PBXResourcesBuildPhase section */
		3F4FFA91265FEBDE00573206 /* Resources */ = {
			isa = PBXResourcesBuildPhase;
			buildActionMask = 2147483647;
			files = (
				3F4FFAA6265FEBE200573206 /* LaunchScreen.storyboard in Resources */,
				3F4FFAA3265FEBE200573206 /* Assets.xcassets in Resources */,
				3F4FFA9E265FEBDE00573206 /* Main.storyboard in Resources */,
			);
			runOnlyForDeploymentPostprocessing = 0;
		};
		3F4FFAAA265FEBE200573206 /* Resources */ = {
			isa = PBXResourcesBuildPhase;
			buildActionMask = 2147483647;
			files = (
			);
			runOnlyForDeploymentPostprocessing = 0;
		};
		3F4FFAB5265FEBE200573206 /* Resources */ = {
			isa = PBXResourcesBuildPhase;
			buildActionMask = 2147483647;
			files = (
			);
			runOnlyForDeploymentPostprocessing = 0;
		};
/* End PBXResourcesBuildPhase section */

/* Begin PBXSourcesBuildPhase section */
		3F4FFA8F265FEBDE00573206 /* Sources */ = {
			isa = PBXSourcesBuildPhase;
			buildActionMask = 2147483647;
			files = (
				3F4FFADB266009C300573206 /* CovidVaccinated+CoreDataClass.swift in Sources */,
				3F4FFADF266009C300573206 /* CovidDeaths+CoreDataClass.swift in Sources */,
				3F4FFAD9266009C300573206 /* CovidCases+CoreDataClass.swift in Sources */,
				3F4FFA9B265FEBDE00573206 /* ViewController.swift in Sources */,
				3F4FFADE266009C300573206 /* CovidData+CoreDataProperties.swift in Sources */,
				3F4FFACC2660027C00573206 /* DodenViewController.swift in Sources */,
				3F4FFA97265FEBDE00573206 /* AppDelegate.swift in Sources */,
				3F4FFAD0266002EA00573206 /* WaaromViewController.swift in Sources */,
				3F4FFAE0266009C300573206 /* CovidDeaths+CoreDataProperties.swift in Sources */,
				3F4FFA99265FEBDE00573206 /* SceneDelegate.swift in Sources */,
				3F4FFACA2660023800573206 /* InfectiesViewController.swift in Sources */,
				3F4FFADA266009C300573206 /* CovidCases+CoreDataProperties.swift in Sources */,
				3F4FFADC266009C300573206 /* CovidVaccinated+CoreDataProperties.swift in Sources */,
				3F4FFACE2660029F00573206 /* VaccinsViewController.swift in Sources */,
				3F4FFADD266009C300573206 /* CovidData+CoreDataClass.swift in Sources */,
				3F4FFAA1265FEBDE00573206 /* CovidInfoApp.xcdatamodeld in Sources */,
			);
			runOnlyForDeploymentPostprocessing = 0;
		};
		3F4FFAA8265FEBE200573206 /* Sources */ = {
			isa = PBXSourcesBuildPhase;
			buildActionMask = 2147483647;
			files = (
				3F4FFAB1265FEBE200573206 /* CovidInfoAppTests.swift in Sources */,
			);
			runOnlyForDeploymentPostprocessing = 0;
		};
		3F4FFAB3265FEBE200573206 /* Sources */ = {
			isa = PBXSourcesBuildPhase;
			buildActionMask = 2147483647;
			files = (
				3F4FFABC265FEBE200573206 /* CovidInfoAppUITests.swift in Sources */,
			);
			runOnlyForDeploymentPostprocessing = 0;
		};
/* End PBXSourcesBuildPhase section */

/* Begin PBXTargetDependency section */
		3F4FFAAE265FEBE200573206 /* PBXTargetDependency */ = {
			isa = PBXTargetDependency;
			target = 3F4FFA92265FEBDE00573206 /* CovidInfoApp */;
			targetProxy = 3F4FFAAD265FEBE200573206 /* PBXContainerItemProxy */;
		};
		3F4FFAB9265FEBE200573206 /* PBXTargetDependency */ = {
			isa = PBXTargetDependency;
			target = 3F4FFA92265FEBDE00573206 /* CovidInfoApp */;
			targetProxy = 3F4FFAB8265FEBE200573206 /* PBXContainerItemProxy */;
		};
/* End PBXTargetDependency section */

/* Begin PBXVariantGroup section */
		3F4FFA9C265FEBDE00573206 /* Main.storyboard */ = {
			isa = PBXVariantGroup;
			children = (
				3F4FFA9D265FEBDE00573206 /* Base */,
			);
			name = Main.storyboard;
			sourceTree = "<group>";
		};
		3F4FFAA4265FEBE200573206 /* LaunchScreen.storyboard */ = {
			isa = PBXVariantGroup;
			children = (
				3F4FFAA5265FEBE200573206 /* Base */,
			);
			name = LaunchScreen.storyboard;
			sourceTree = "<group>";
		};
/* End PBXVariantGroup section */

/* Begin XCBuildConfiguration section */
		3F4FFABE265FEBE200573206 /* Debug */ = {
			isa = XCBuildConfiguration;
			buildSettings = {
				ALWAYS_SEARCH_USER_PATHS = NO;
				CLANG_ANALYZER_NONNULL = YES;
				CLANG_ANALYZER_NUMBER_OBJECT_CONVERSION = YES_AGGRESSIVE;
				CLANG_CXX_LANGUAGE_STANDARD = "gnu++14";
				CLANG_CXX_LIBRARY = "libc++";
				CLANG_ENABLE_MODULES = YES;
				CLANG_ENABLE_OBJC_ARC = YES;
				CLANG_ENABLE_OBJC_WEAK = YES;
				CLANG_WARN_BLOCK_CAPTURE_AUTORELEASING = YES;
				CLANG_WARN_BOOL_CONVERSION = YES;
				CLANG_WARN_COMMA = YES;
				CLANG_WARN_CONSTANT_CONVERSION = YES;
				CLANG_WARN_DEPRECATED_OBJC_IMPLEMENTATIONS = YES;
				CLANG_WARN_DIRECT_OBJC_ISA_USAGE = YES_ERROR;
				CLANG_WARN_DOCUMENTATION_COMMENTS = YES;
				CLANG_WARN_EMPTY_BODY = YES;
				CLANG_WARN_ENUM_CONVERSION = YES;
				CLANG_WARN_INFINITE_RECURSION = YES;
				CLANG_WARN_INT_CONVERSION = YES;
				CLANG_WARN_NON_LITERAL_NULL_CONVERSION = YES;
				CLANG_WARN_OBJC_IMPLICIT_RETAIN_SELF = YES;
				CLANG_WARN_OBJC_LITERAL_CONVERSION = YES;
				CLANG_WARN_OBJC_ROOT_CLASS = YES_ERROR;
				CLANG_WARN_QUOTED_INCLUDE_IN_FRAMEWORK_HEADER = YES;
				CLANG_WARN_RANGE_LOOP_ANALYSIS = YES;
				CLANG_WARN_STRICT_PROTOTYPES = YES;
				CLANG_WARN_SUSPICIOUS_MOVE = YES;
				CLANG_WARN_UNGUARDED_AVAILABILITY = YES_AGGRESSIVE;
				CLANG_WARN_UNREACHABLE_CODE = YES;
				CLANG_WARN__DUPLICATE_METHOD_MATCH = YES;
				COPY_PHASE_STRIP = NO;
				DEBUG_INFORMATION_FORMAT = dwarf;
				ENABLE_STRICT_OBJC_MSGSEND = YES;
				ENABLE_TESTABILITY = YES;
				GCC_C_LANGUAGE_STANDARD = gnu11;
				GCC_DYNAMIC_NO_PIC = NO;
				GCC_NO_COMMON_BLOCKS = YES;
				GCC_OPTIMIZATION_LEVEL = 0;
				GCC_PREPROCESSOR_DEFINITIONS = (
					"DEBUG=1",
					"$(inherited)",
				);
				GCC_WARN_64_TO_32_BIT_CONVERSION = YES;
				GCC_WARN_ABOUT_RETURN_TYPE = YES_ERROR;
				GCC_WARN_UNDECLARED_SELECTOR = YES;
				GCC_WARN_UNINITIALIZED_AUTOS = YES_AGGRESSIVE;
				GCC_WARN_UNUSED_FUNCTION = YES;
				GCC_WARN_UNUSED_VARIABLE = YES;
				IPHONEOS_DEPLOYMENT_TARGET = 14.5;
				MTL_ENABLE_DEBUG_INFO = INCLUDE_SOURCE;
				MTL_FAST_MATH = YES;
				ONLY_ACTIVE_ARCH = YES;
				SDKROOT = iphoneos;
				SWIFT_ACTIVE_COMPILATION_CONDITIONS = DEBUG;
				SWIFT_OPTIMIZATION_LEVEL = "-Onone";
			};
			name = Debug;
		};
		3F4FFABF265FEBE200573206 /* Release */ = {
			isa = XCBuildConfiguration;
			buildSettings = {
				ALWAYS_SEARCH_USER_PATHS = NO;
				CLANG_ANALYZER_NONNULL = YES;
				CLANG_ANALYZER_NUMBER_OBJECT_CONVERSION = YES_AGGRESSIVE;
				CLANG_CXX_LANGUAGE_STANDARD = "gnu++14";
				CLANG_CXX_LIBRARY = "libc++";
				CLANG_ENABLE_MODULES = YES;
				CLANG_ENABLE_OBJC_ARC = YES;
				CLANG_ENABLE_OBJC_WEAK = YES;
				CLANG_WARN_BLOCK_CAPTURE_AUTORELEASING = YES;
				CLANG_WARN_BOOL_CONVERSION = YES;
				CLANG_WARN_COMMA = YES;
				CLANG_WARN_CONSTANT_CONVERSION = YES;
				CLANG_WARN_DEPRECATED_OBJC_IMPLEMENTATIONS = YES;
				CLANG_WARN_DIRECT_OBJC_ISA_USAGE = YES_ERROR;
				CLANG_WARN_DOCUMENTATION_COMMENTS = YES;
				CLANG_WARN_EMPTY_BODY = YES;
				CLANG_WARN_ENUM_CONVERSION = YES;
				CLANG_WARN_INFINITE_RECURSION = YES;
				CLANG_WARN_INT_CONVERSION = YES;
				CLANG_WARN_NON_LITERAL_NULL_CONVERSION = YES;
				CLANG_WARN_OBJC_IMPLICIT_RETAIN_SELF = YES;
				CLANG_WARN_OBJC_LITERAL_CONVERSION = YES;
				CLANG_WARN_OBJC_ROOT_CLASS = YES_ERROR;
				CLANG_WARN_QUOTED_INCLUDE_IN_FRAMEWORK_HEADER = YES;
				CLANG_WARN_RANGE_LOOP_ANALYSIS = YES;
				CLANG_WARN_STRICT_PROTOTYPES = YES;
				CLANG_WARN_SUSPICIOUS_MOVE = YES;
				CLANG_WARN_UNGUARDED_AVAILABILITY = YES_AGGRESSIVE;
				CLANG_WARN_UNREACHABLE_CODE = YES;
				CLANG_WARN__DUPLICATE_METHOD_MATCH = YES;
				COPY_PHASE_STRIP = NO;
				DEBUG_INFORMATION_FORMAT = "dwarf-with-dsym";
				ENABLE_NS_ASSERTIONS = NO;
				ENABLE_STRICT_OBJC_MSGSEND = YES;
				GCC_C_LANGUAGE_STANDARD = gnu11;
				GCC_NO_COMMON_BLOCKS = YES;
				GCC_WARN_64_TO_32_BIT_CONVERSION = YES;
				GCC_WARN_ABOUT_RETURN_TYPE = YES_ERROR;
				GCC_WARN_UNDECLARED_SELECTOR = YES;
				GCC_WARN_UNINITIALIZED_AUTOS = YES_AGGRESSIVE;
				GCC_WARN_UNUSED_FUNCTION = YES;
				GCC_WARN_UNUSED_VARIABLE = YES;
				IPHONEOS_DEPLOYMENT_TARGET = 14.5;
				MTL_ENABLE_DEBUG_INFO = NO;
				MTL_FAST_MATH = YES;
				SDKROOT = iphoneos;
				SWIFT_COMPILATION_MODE = wholemodule;
				SWIFT_OPTIMIZATION_LEVEL = "-O";
				VALIDATE_PRODUCT = YES;
			};
			name = Release;
		};
		3F4FFAC1265FEBE200573206 /* Debug */ = {
			isa = XCBuildConfiguration;
			buildSettings = {
				ALTERNATE_OWNER = "Dimitri Gevers";
				ASSETCATALOG_COMPILER_APPICON_NAME = AppIcon;
				ASSETCATALOG_COMPILER_GLOBAL_ACCENT_COLOR_NAME = AccentColor;
				CODE_SIGN_STYLE = Automatic;
				INFOPLIST_FILE = CovidInfoApp/Info.plist;
				LD_RUNPATH_SEARCH_PATHS = (
					"$(inherited)",
					"@executable_path/Frameworks",
				);
				PRODUCT_BUNDLE_IDENTIFIER = be.dimidev.CovidInfoApp;
				PRODUCT_NAME = "$(TARGET_NAME)";
				SWIFT_VERSION = 5.0;
				TARGETED_DEVICE_FAMILY = "1,2";
			};
			name = Debug;
		};
		3F4FFAC2265FEBE200573206 /* Release */ = {
			isa = XCBuildConfiguration;
			buildSettings = {
				ALTERNATE_OWNER = "Dimitri Gevers";
				ASSETCATALOG_COMPILER_APPICON_NAME = AppIcon;
				ASSETCATALOG_COMPILER_GLOBAL_ACCENT_COLOR_NAME = AccentColor;
				CODE_SIGN_STYLE = Automatic;
				INFOPLIST_FILE = CovidInfoApp/Info.plist;
				LD_RUNPATH_SEARCH_PATHS = (
					"$(inherited)",
					"@executable_path/Frameworks",
				);
				PRODUCT_BUNDLE_IDENTIFIER = be.dimidev.CovidInfoApp;
				PRODUCT_NAME = "$(TARGET_NAME)";
				SWIFT_VERSION = 5.0;
				TARGETED_DEVICE_FAMILY = "1,2";
			};
			name = Release;
		};
		3F4FFAC4265FEBE200573206 /* Debug */ = {
			isa = XCBuildConfiguration;
			buildSettings = {
				ALWAYS_EMBED_SWIFT_STANDARD_LIBRARIES = YES;
				BUNDLE_LOADER = "$(TEST_HOST)";
				CODE_SIGN_STYLE = Automatic;
				INFOPLIST_FILE = CovidInfoAppTests/Info.plist;
				IPHONEOS_DEPLOYMENT_TARGET = 14.5;
				LD_RUNPATH_SEARCH_PATHS = (
					"$(inherited)",
					"@executable_path/Frameworks",
					"@loader_path/Frameworks",
				);
				PRODUCT_BUNDLE_IDENTIFIER = be.dimidev.CovidInfoAppTests;
				PRODUCT_NAME = "$(TARGET_NAME)";
				SWIFT_VERSION = 5.0;
				TARGETED_DEVICE_FAMILY = "1,2";
				TEST_HOST = "$(BUILT_PRODUCTS_DIR)/CovidInfoApp.app/CovidInfoApp";
			};
			name = Debug;
		};
		3F4FFAC5265FEBE200573206 /* Release */ = {
			isa = XCBuildConfiguration;
			buildSettings = {
				ALWAYS_EMBED_SWIFT_STANDARD_LIBRARIES = YES;
				BUNDLE_LOADER = "$(TEST_HOST)";
				CODE_SIGN_STYLE = Automatic;
				INFOPLIST_FILE = CovidInfoAppTests/Info.plist;
				IPHONEOS_DEPLOYMENT_TARGET = 14.5;
				LD_RUNPATH_SEARCH_PATHS = (
					"$(inherited)",
					"@executable_path/Frameworks",
					"@loader_path/Frameworks",
				);
				PRODUCT_BUNDLE_IDENTIFIER = be.dimidev.CovidInfoAppTests;
				PRODUCT_NAME = "$(TARGET_NAME)";
				SWIFT_VERSION = 5.0;
				TARGETED_DEVICE_FAMILY = "1,2";
				TEST_HOST = "$(BUILT_PRODUCTS_DIR)/CovidInfoApp.app/CovidInfoApp";
			};
			name = Release;
		};
		3F4FFAC7265FEBE200573206 /* Debug */ = {
			isa = XCBuildConfiguration;
			buildSettings = {
				ALWAYS_EMBED_SWIFT_STANDARD_LIBRARIES = YES;
				CODE_SIGN_STYLE = Automatic;
				INFOPLIST_FILE = CovidInfoAppUITests/Info.plist;
				LD_RUNPATH_SEARCH_PATHS = (
					"$(inherited)",
					"@executable_path/Frameworks",
					"@loader_path/Frameworks",
				);
				PRODUCT_BUNDLE_IDENTIFIER = be.dimidev.CovidInfoAppUITests;
				PRODUCT_NAME = "$(TARGET_NAME)";
				SWIFT_VERSION = 5.0;
				TARGETED_DEVICE_FAMILY = "1,2";
				TEST_TARGET_NAME = CovidInfoApp;
			};
			name = Debug;
		};
		3F4FFAC8265FEBE200573206 /* Release */ = {
			isa = XCBuildConfiguration;
			buildSettings = {
				ALWAYS_EMBED_SWIFT_STANDARD_LIBRARIES = YES;
				CODE_SIGN_STYLE = Automatic;
				INFOPLIST_FILE = CovidInfoAppUITests/Info.plist;
				LD_RUNPATH_SEARCH_PATHS = (
					"$(inherited)",
					"@executable_path/Frameworks",
					"@loader_path/Frameworks",
				);
				PRODUCT_BUNDLE_IDENTIFIER = be.dimidev.CovidInfoAppUITests;
				PRODUCT_NAME = "$(TARGET_NAME)";
				SWIFT_VERSION = 5.0;
				TARGETED_DEVICE_FAMILY = "1,2";
				TEST_TARGET_NAME = CovidInfoApp;
			};
			name = Release;
		};
/* End XCBuildConfiguration section */

/* Begin XCConfigurationList section */
		3F4FFA8E265FEBDE00573206 /* Build configuration list for PBXProject "CovidInfoApp" */ = {
			isa = XCConfigurationList;
			buildConfigurations = (
				3F4FFABE265FEBE200573206 /* Debug */,
				3F4FFABF265FEBE200573206 /* Release */,
			);
			defaultConfigurationIsVisible = 0;
			defaultConfigurationName = Release;
		};
		3F4FFAC0265FEBE200573206 /* Build configuration list for PBXNativeTarget "CovidInfoApp" */ = {
			isa = XCConfigurationList;
			buildConfigurations = (
				3F4FFAC1265FEBE200573206 /* Debug */,
				3F4FFAC2265FEBE200573206 /* Release */,
			);
			defaultConfigurationIsVisible = 0;
			defaultConfigurationName = Release;
		};
		3F4FFAC3265FEBE200573206 /* Build configuration list for PBXNativeTarget "CovidInfoAppTests" */ = {
			isa = XCConfigurationList;
			buildConfigurations = (
				3F4FFAC4265FEBE200573206 /* Debug */,
				3F4FFAC5265FEBE200573206 /* Release */,
			);
			defaultConfigurationIsVisible = 0;
			defaultConfigurationName = Release;
		};
		3F4FFAC6265FEBE200573206 /* Build configuration list for PBXNativeTarget "CovidInfoAppUITests" */ = {
			isa = XCConfigurationList;
			buildConfigurations = (
				3F4FFAC7265FEBE200573206 /* Debug */,
				3F4FFAC8265FEBE200573206 /* Release */,
			);
			defaultConfigurationIsVisible = 0;
			defaultConfigurationName = Release;
		};
/* End XCConfigurationList section */

/* Begin XCVersionGroup section */
		3F4FFA9F265FEBDE00573206 /* CovidInfoApp.xcdatamodeld */ = {
			isa = XCVersionGroup;
			children = (
				3F4FFAA0265FEBDE00573206 /* CovidInfoApp.xcdatamodel */,
			);
			currentVersion = 3F4FFAA0265FEBDE00573206 /* CovidInfoApp.xcdatamodel */;
			path = CovidInfoApp.xcdatamodeld;
			sourceTree = "<group>";
			versionGroupType = wrapper.xcdatamodel;
		};
/* End XCVersionGroup section */
	};
	rootObject = 3F4FFA8B265FEBDE00573206 /* Project object */;
}
